
Microsoft Visual Studio Solution File, Format Version 12.00
# Visual Studio Version 17
VisualStudioVersion = 17.7.34302.85
MinimumVisualStudioVersion = 10.0.40219.1
Project("{FAE04EC0-301F-11D3-BF4B-00C04F79EFBC}") = "EnsekExample", "EnsekExample.csproj", "{1A4221C7-450F-4823-AD07-0AF49F68D163}"
EndProject
Global
	GlobalSection(SolutionConfigurationPlatforms) = preSolution
		Debug|Any CPU = Debug|Any CPU
		Release|Any CPU = Release|Any CPU
	EndGlobalSection
	GlobalSection(ProjectConfigurationPlatforms) = postSolution
		{1A4221C7-450F-4823-AD07-0AF49F68D163}.Debug|Any CPU.ActiveCfg = Debug|Any CPU
		{1A4221C7-450F-4823-AD07-0AF49F68D163}.Debug|Any CPU.Build.0 = Debug|Any CPU
		{1A4221C7-450F-4823-AD07-0AF49F68D163}.Release|Any CPU.ActiveCfg = Release|Any CPU
		{1A4221C7-450F-4823-AD07-0AF49F68D163}.Release|Any CPU.Build.0 = Release|Any CPU
	EndGlobalSection
	GlobalSection(SolutionProperties) = preSolution
		HideSolutionNode = FALSE
	EndGlobalSection
	GlobalSection(ExtensibilityGlobals) = postSolution
		SolutionGuid = {311E0572-6A08-4AA1-A87A-4E70063732DD}
	EndGlobalSection
EndGlobal
